
Microsoft Visual Studio Solution File, Format Version 12.00
# Visual Studio Version 17
VisualStudioVersion = 17.4.33205.214
MinimumVisualStudioVersion = 10.0.40219.1
Project("{FAE04EC0-301F-11D3-BF4B-00C04F79EFBC}") = "github_minta", "github_minta\github_minta.csproj", "{63227F56-35DE-4830-A9A1-036980D44375}"
EndProject
Global
	GlobalSection(SolutionConfigurationPlatforms) = preSolution
		Debug|Any CPU = Debug|Any CPU
		Release|Any CPU = Release|Any CPU
	EndGlobalSection
	GlobalSection(ProjectConfigurationPlatforms) = postSolution
		{63227F56-35DE-4830-A9A1-036980D44375}.Debug|Any CPU.ActiveCfg = Debug|Any CPU
		{63227F56-35DE-4830-A9A1-036980D44375}.Debug|Any CPU.Build.0 = Debug|Any CPU
		{63227F56-35DE-4830-A9A1-036980D44375}.Release|Any CPU.ActiveCfg = Release|Any CPU
		{63227F56-35DE-4830-A9A1-036980D44375}.Release|Any CPU.Build.0 = Release|Any CPU
	EndGlobalSection
	GlobalSection(SolutionProperties) = preSolution
		HideSolutionNode = FALSE
	EndGlobalSection
	GlobalSection(ExtensibilityGlobals) = postSolution
		SolutionGuid = {3EACAE46-3199-4A40-84DE-705926AE61F7}
	EndGlobalSection
EndGlobal
